
Microsoft Visual Studio Solution File, Format Version 12.00
# Visual Studio Version 17
VisualStudioVersion = 17.2.32526.322
MinimumVisualStudioVersion = 10.0.40219.1
Project("{9A19103F-16F7-4668-BE54-9A1E7A4F7556}") = "Coditech.Engine.Admin", "Admin\Coditech.Admin\Coditech.Engine.Admin.csproj", "{B72E2A6B-DDFB-47CB-BC8C-90A08144E0E5}"
EndProject
Project("{2150E333-8FDC-42A3-9474-1A3956D46DE8}") = "Common", "Common", "{9080293F-A6C0-45F4-86C4-425B7F919736}"
EndProject
Project("{2150E333-8FDC-42A3-9474-1A3956D46DE8}") = "Admin", "Admin", "{0C334A1B-F079-42B2-82E3-0B07B4D7F9CD}"
EndProject
Project("{2150E333-8FDC-42A3-9474-1A3956D46DE8}") = "API", "API", "{1CFB8943-8EC3-4FC3-9340-780FF9B494CF}"
EndProject
Project("{2150E333-8FDC-42A3-9474-1A3956D46DE8}") = "Common", "Common", "{56B5A9D6-463C-47DE-8366-6A5976E51406}"
EndProject
Project("{9A19103F-16F7-4668-BE54-9A1E7A4F7556}") = "Coditech.Common.Helper", "Common\Coditech.Common.Helper\Coditech.Common.Helper.csproj", "{CC4A3EFD-EB95-45C9-B435-A615F7AC56AC}"
EndProject
Project("{9A19103F-16F7-4668-BE54-9A1E7A4F7556}") = "Coditech.Common.Logger", "Common\Coditech.Common.Logger\Coditech.Common.Logger.csproj", "{089256FA-0D6D-415F-9A99-28669B080DDA}"
EndProject
Project("{9A19103F-16F7-4668-BE54-9A1E7A4F7556}") = "Coditech.Admin.Utilities", "Admin\AdminCommon\Coditech.Admin.Utilities\Coditech.Admin.Utilities.csproj", "{390F212F-7984-49D7-A621-1BCFF5DAC600}"
EndProject
Project("{9A19103F-16F7-4668-BE54-9A1E7A4F7556}") = "Coditech.Common.API.Model", "Common\Coditech.Common.API.Model\Coditech.Common.API.Model.csproj", "{8EB9CA9B-A9F8-465A-9B16-D6C8EAEF49D3}"
EndProject
Project("{9A19103F-16F7-4668-BE54-9A1E7A4F7556}") = "Coditech.API.Client", "API\Comman\Coditech.API.Client\Coditech.API.Client.csproj", "{15908B6F-D57C-4B0A-88FA-2F5B7C1DD298}"
EndProject
Project("{2150E333-8FDC-42A3-9474-1A3956D46DE8}") = "Common", "Common", "{63CCBF2E-0084-484D-84FC-AF5A48C5D073}"
EndProject
Project("{9A19103F-16F7-4668-BE54-9A1E7A4F7556}") = "Coditech.Common.CacheManager", "Common\Coditech.Common.CacheManager\Coditech.Common.CacheManager.csproj", "{E179300E-8EFD-4DE2-BF04-9A69FE479AC7}"
EndProject
Project("{9A19103F-16F7-4668-BE54-9A1E7A4F7556}") = "Coditech.Common.API", "API\Comman\Coditech.Common.API\Coditech.Common.API.csproj", "{69FC5EDA-88AA-4F67-998D-08D6AA398A8C}"
EndProject
Project("{9A19103F-16F7-4668-BE54-9A1E7A4F7556}") = "Coditech.API.Data", "API\Comman\Coditech.API.Data\Coditech.API.Data.csproj", "{C9D196C7-C2FF-4CF4-A47F-970A82D3A987}"
EndProject
Project("{9A19103F-16F7-4668-BE54-9A1E7A4F7556}") = "Coditech.Resources", "Common\Coditech.Resources\Coditech.Resources.csproj", "{A936949E-DB9D-4555-B199-A6143DBEA361}"
EndProject
Project("{9A19103F-16F7-4668-BE54-9A1E7A4F7556}") = "Coditech.Common.Service", "API\Comman\Coditech.Common.Service\Coditech.Common.Service.csproj", "{D7903B41-9CC4-46A1-AB8C-76AE2D840C73}"
EndProject
Project("{9A19103F-16F7-4668-BE54-9A1E7A4F7556}") = "Coditech.Engine.Organisation", "API\Coditech.Engine.Organisation\Coditech.Engine.Organisation.csproj", "{6B0DCDB4-4217-44F5-8C72-A1BA17D53DC8}"
EndProject
Project("{9A19103F-16F7-4668-BE54-9A1E7A4F7556}") = "Coditech.Engine.Inventory", "API\Coditech.Engine.Inventory\Coditech.Engine.Inventory.csproj", "{7D750ACF-B873-4184-958C-B70D30C948D4}"
EndProject
Project("{9A19103F-16F7-4668-BE54-9A1E7A4F7556}") = "Coditech.Engine.GymManagementSystem", "API\Coditech.Engine.GymManagementSystem\Coditech.Engine.GymManagementSystem.csproj", "{7DA85BF4-24C1-4B16-8210-F90156A0BD7E}"
EndProject
Project("{9A19103F-16F7-4668-BE54-9A1E7A4F7556}") = "Coditech.Engine.MediaManager", "API\Coditech.Engine.MediaManager\Coditech.Engine.MediaManager.csproj", "{40A85D54-D60A-4DC3-8D0F-A41C04E4B229}"
EndProject
Project("{9A19103F-16F7-4668-BE54-9A1E7A4F7556}") = "Coditech.Engine.HospitalManagementSystem", "API\Coditech.Engine.HospitalManagementSystem\Coditech.Engine.HospitalManagementSystem.csproj", "{29DED480-D4C7-42A3-A3CB-BCE196F9A42B}"
EndProject
Project("{9A19103F-16F7-4668-BE54-9A1E7A4F7556}") = "Coditech.Engine.SalesAndPurchase", "API\Coditech.Engine.SalesAndPurchase\Coditech.Engine.SalesAndPurchase.csproj", "{95B3DE4E-20B8-4A0A-9381-3C13DFAAEF71}"
EndProject
Project("{9A19103F-16F7-4668-BE54-9A1E7A4F7556}") = "Coditech.Engine.Gazette", "API\Coditech.Engine.Gazette\Coditech.Engine.Gazette.csproj", "{2B72888A-A016-4509-ABA3-057AA7811565}"
EndProject
Project("{9A19103F-16F7-4668-BE54-9A1E7A4F7556}") = "Coditech.Engine.DBTM", "API\Coditech.Engine.DBTM\Coditech.Engine.DBTM.csproj", "{FCB00B67-AEA9-4E25-B3DB-D33776B24B69}"
EndProject
Project("{2150E333-8FDC-42A3-9474-1A3956D46DE8}") = ".github", ".github", "{29C2E38D-4779-47C1-8AC5-982E5A1EED8A}"
EndProject
Project("{9A19103F-16F7-4668-BE54-9A1E7A4F7556}") = "Coditech.Engine.Payment", "API\Coditech.Engine.Payment\Coditech.Engine.Payment.csproj", "{E2E68E51-CFD5-4A89-A26F-20AB9AEAA974}"
EndProject
Project("{2150E333-8FDC-42A3-9474-1A3956D46DE8}") = "workflows", "workflows", "{D88F3C77-8F56-4FCC-B6CD-CA1B0C562361}"
	ProjectSection(SolutionItems) = preProject
		coditech_stage.yml = coditech_stage.yml
	EndProjectSection
EndProject
Project("{FAE04EC0-301F-11D3-BF4B-00C04F79EFBC}") = "Coditech.Admin.Core", "Admin\Coditech.Admin.Core\Coditech.Admin.Core.csproj", "{9F360EBA-27D4-480F-9941-437B1B3327C6}"
EndProject
Global
	GlobalSection(SolutionConfigurationPlatforms) = preSolution
		Debug|Any CPU = Debug|Any CPU
		DebugLocal|Any CPU = DebugLocal|Any CPU
		Release|Any CPU = Release|Any CPU
	EndGlobalSection
	GlobalSection(ProjectConfigurationPlatforms) = postSolution
		{B72E2A6B-DDFB-47CB-BC8C-90A08144E0E5}.Debug|Any CPU.ActiveCfg = Debug|Any CPU
		{B72E2A6B-DDFB-47CB-BC8C-90A08144E0E5}.Debug|Any CPU.Build.0 = Debug|Any CPU
		{B72E2A6B-DDFB-47CB-BC8C-90A08144E0E5}.DebugLocal|Any CPU.ActiveCfg = Debug|Any CPU
		{B72E2A6B-DDFB-47CB-BC8C-90A08144E0E5}.DebugLocal|Any CPU.Build.0 = Debug|Any CPU
		{B72E2A6B-DDFB-47CB-BC8C-90A08144E0E5}.Release|Any CPU.ActiveCfg = Release|Any CPU
		{B72E2A6B-DDFB-47CB-BC8C-90A08144E0E5}.Release|Any CPU.Build.0 = Release|Any CPU
		{CC4A3EFD-EB95-45C9-B435-A615F7AC56AC}.Debug|Any CPU.ActiveCfg = Debug|Any CPU
		{CC4A3EFD-EB95-45C9-B435-A615F7AC56AC}.Debug|Any CPU.Build.0 = Debug|Any CPU
		{CC4A3EFD-EB95-45C9-B435-A615F7AC56AC}.DebugLocal|Any CPU.ActiveCfg = Debug|Any CPU
		{CC4A3EFD-EB95-45C9-B435-A615F7AC56AC}.DebugLocal|Any CPU.Build.0 = Debug|Any CPU
		{CC4A3EFD-EB95-45C9-B435-A615F7AC56AC}.Release|Any CPU.ActiveCfg = Release|Any CPU
		{CC4A3EFD-EB95-45C9-B435-A615F7AC56AC}.Release|Any CPU.Build.0 = Release|Any CPU
		{089256FA-0D6D-415F-9A99-28669B080DDA}.Debug|Any CPU.ActiveCfg = Debug|Any CPU
		{089256FA-0D6D-415F-9A99-28669B080DDA}.Debug|Any CPU.Build.0 = Debug|Any CPU
		{089256FA-0D6D-415F-9A99-28669B080DDA}.DebugLocal|Any CPU.ActiveCfg = Debug|Any CPU
		{089256FA-0D6D-415F-9A99-28669B080DDA}.DebugLocal|Any CPU.Build.0 = Debug|Any CPU
		{089256FA-0D6D-415F-9A99-28669B080DDA}.Release|Any CPU.ActiveCfg = Release|Any CPU
		{089256FA-0D6D-415F-9A99-28669B080DDA}.Release|Any CPU.Build.0 = Release|Any CPU
		{390F212F-7984-49D7-A621-1BCFF5DAC600}.Debug|Any CPU.ActiveCfg = Debug|Any CPU
		{390F212F-7984-49D7-A621-1BCFF5DAC600}.Debug|Any CPU.Build.0 = Debug|Any CPU
		{390F212F-7984-49D7-A621-1BCFF5DAC600}.DebugLocal|Any CPU.ActiveCfg = Debug|Any CPU
		{390F212F-7984-49D7-A621-1BCFF5DAC600}.DebugLocal|Any CPU.Build.0 = Debug|Any CPU
		{390F212F-7984-49D7-A621-1BCFF5DAC600}.Release|Any CPU.ActiveCfg = Release|Any CPU
		{390F212F-7984-49D7-A621-1BCFF5DAC600}.Release|Any CPU.Build.0 = Release|Any CPU
		{8EB9CA9B-A9F8-465A-9B16-D6C8EAEF49D3}.Debug|Any CPU.ActiveCfg = Debug|Any CPU
		{8EB9CA9B-A9F8-465A-9B16-D6C8EAEF49D3}.Debug|Any CPU.Build.0 = Debug|Any CPU
		{8EB9CA9B-A9F8-465A-9B16-D6C8EAEF49D3}.DebugLocal|Any CPU.ActiveCfg = Debug|Any CPU
		{8EB9CA9B-A9F8-465A-9B16-D6C8EAEF49D3}.DebugLocal|Any CPU.Build.0 = Debug|Any CPU
		{8EB9CA9B-A9F8-465A-9B16-D6C8EAEF49D3}.Release|Any CPU.ActiveCfg = Release|Any CPU
		{8EB9CA9B-A9F8-465A-9B16-D6C8EAEF49D3}.Release|Any CPU.Build.0 = Release|Any CPU
		{15908B6F-D57C-4B0A-88FA-2F5B7C1DD298}.Debug|Any CPU.ActiveCfg = Debug|Any CPU
		{15908B6F-D57C-4B0A-88FA-2F5B7C1DD298}.Debug|Any CPU.Build.0 = Debug|Any CPU
		{15908B6F-D57C-4B0A-88FA-2F5B7C1DD298}.DebugLocal|Any CPU.ActiveCfg = Debug|Any CPU
		{15908B6F-D57C-4B0A-88FA-2F5B7C1DD298}.DebugLocal|Any CPU.Build.0 = Debug|Any CPU
		{15908B6F-D57C-4B0A-88FA-2F5B7C1DD298}.Release|Any CPU.ActiveCfg = Release|Any CPU
		{15908B6F-D57C-4B0A-88FA-2F5B7C1DD298}.Release|Any CPU.Build.0 = Release|Any CPU
		{E179300E-8EFD-4DE2-BF04-9A69FE479AC7}.Debug|Any CPU.ActiveCfg = Debug|Any CPU
		{E179300E-8EFD-4DE2-BF04-9A69FE479AC7}.Debug|Any CPU.Build.0 = Debug|Any CPU
		{E179300E-8EFD-4DE2-BF04-9A69FE479AC7}.DebugLocal|Any CPU.ActiveCfg = Debug|Any CPU
		{E179300E-8EFD-4DE2-BF04-9A69FE479AC7}.DebugLocal|Any CPU.Build.0 = Debug|Any CPU
		{E179300E-8EFD-4DE2-BF04-9A69FE479AC7}.Release|Any CPU.ActiveCfg = Release|Any CPU
		{E179300E-8EFD-4DE2-BF04-9A69FE479AC7}.Release|Any CPU.Build.0 = Release|Any CPU
		{69FC5EDA-88AA-4F67-998D-08D6AA398A8C}.Debug|Any CPU.ActiveCfg = Debug|Any CPU
		{69FC5EDA-88AA-4F67-998D-08D6AA398A8C}.Debug|Any CPU.Build.0 = Debug|Any CPU
		{69FC5EDA-88AA-4F67-998D-08D6AA398A8C}.DebugLocal|Any CPU.ActiveCfg = Debug|Any CPU
		{69FC5EDA-88AA-4F67-998D-08D6AA398A8C}.DebugLocal|Any CPU.Build.0 = Debug|Any CPU
		{69FC5EDA-88AA-4F67-998D-08D6AA398A8C}.Release|Any CPU.ActiveCfg = Release|Any CPU
		{69FC5EDA-88AA-4F67-998D-08D6AA398A8C}.Release|Any CPU.Build.0 = Release|Any CPU
		{C9D196C7-C2FF-4CF4-A47F-970A82D3A987}.Debug|Any CPU.ActiveCfg = Debug|Any CPU
		{C9D196C7-C2FF-4CF4-A47F-970A82D3A987}.Debug|Any CPU.Build.0 = Debug|Any CPU
		{C9D196C7-C2FF-4CF4-A47F-970A82D3A987}.DebugLocal|Any CPU.ActiveCfg = Debug|Any CPU
		{C9D196C7-C2FF-4CF4-A47F-970A82D3A987}.DebugLocal|Any CPU.Build.0 = Debug|Any CPU
		{C9D196C7-C2FF-4CF4-A47F-970A82D3A987}.Release|Any CPU.ActiveCfg = Release|Any CPU
		{C9D196C7-C2FF-4CF4-A47F-970A82D3A987}.Release|Any CPU.Build.0 = Release|Any CPU
		{A936949E-DB9D-4555-B199-A6143DBEA361}.Debug|Any CPU.ActiveCfg = Debug|Any CPU
		{A936949E-DB9D-4555-B199-A6143DBEA361}.Debug|Any CPU.Build.0 = Debug|Any CPU
		{A936949E-DB9D-4555-B199-A6143DBEA361}.DebugLocal|Any CPU.ActiveCfg = Debug|Any CPU
		{A936949E-DB9D-4555-B199-A6143DBEA361}.DebugLocal|Any CPU.Build.0 = Debug|Any CPU
		{A936949E-DB9D-4555-B199-A6143DBEA361}.Release|Any CPU.ActiveCfg = Release|Any CPU
		{A936949E-DB9D-4555-B199-A6143DBEA361}.Release|Any CPU.Build.0 = Release|Any CPU
		{D7903B41-9CC4-46A1-AB8C-76AE2D840C73}.Debug|Any CPU.ActiveCfg = Debug|Any CPU
		{D7903B41-9CC4-46A1-AB8C-76AE2D840C73}.Debug|Any CPU.Build.0 = Debug|Any CPU
		{D7903B41-9CC4-46A1-AB8C-76AE2D840C73}.DebugLocal|Any CPU.ActiveCfg = Debug|Any CPU
		{D7903B41-9CC4-46A1-AB8C-76AE2D840C73}.DebugLocal|Any CPU.Build.0 = Debug|Any CPU
		{D7903B41-9CC4-46A1-AB8C-76AE2D840C73}.Release|Any CPU.ActiveCfg = Release|Any CPU
		{D7903B41-9CC4-46A1-AB8C-76AE2D840C73}.Release|Any CPU.Build.0 = Release|Any CPU
		{6B0DCDB4-4217-44F5-8C72-A1BA17D53DC8}.Debug|Any CPU.ActiveCfg = Debug|Any CPU
		{6B0DCDB4-4217-44F5-8C72-A1BA17D53DC8}.Debug|Any CPU.Build.0 = Debug|Any CPU
		{6B0DCDB4-4217-44F5-8C72-A1BA17D53DC8}.DebugLocal|Any CPU.ActiveCfg = Debug|Any CPU
		{6B0DCDB4-4217-44F5-8C72-A1BA17D53DC8}.DebugLocal|Any CPU.Build.0 = Debug|Any CPU
		{6B0DCDB4-4217-44F5-8C72-A1BA17D53DC8}.Release|Any CPU.ActiveCfg = Release|Any CPU
		{6B0DCDB4-4217-44F5-8C72-A1BA17D53DC8}.Release|Any CPU.Build.0 = Release|Any CPU
		{7D750ACF-B873-4184-958C-B70D30C948D4}.Debug|Any CPU.ActiveCfg = Debug|Any CPU
		{7D750ACF-B873-4184-958C-B70D30C948D4}.Debug|Any CPU.Build.0 = Debug|Any CPU
		{7D750ACF-B873-4184-958C-B70D30C948D4}.DebugLocal|Any CPU.ActiveCfg = Debug|Any CPU
		{7D750ACF-B873-4184-958C-B70D30C948D4}.DebugLocal|Any CPU.Build.0 = Debug|Any CPU
		{7D750ACF-B873-4184-958C-B70D30C948D4}.Release|Any CPU.ActiveCfg = Release|Any CPU
		{7D750ACF-B873-4184-958C-B70D30C948D4}.Release|Any CPU.Build.0 = Release|Any CPU
		{7DA85BF4-24C1-4B16-8210-F90156A0BD7E}.Debug|Any CPU.ActiveCfg = Debug|Any CPU
		{7DA85BF4-24C1-4B16-8210-F90156A0BD7E}.Debug|Any CPU.Build.0 = Debug|Any CPU
		{7DA85BF4-24C1-4B16-8210-F90156A0BD7E}.DebugLocal|Any CPU.ActiveCfg = Debug|Any CPU
		{7DA85BF4-24C1-4B16-8210-F90156A0BD7E}.DebugLocal|Any CPU.Build.0 = Debug|Any CPU
		{7DA85BF4-24C1-4B16-8210-F90156A0BD7E}.Release|Any CPU.ActiveCfg = Release|Any CPU
		{7DA85BF4-24C1-4B16-8210-F90156A0BD7E}.Release|Any CPU.Build.0 = Release|Any CPU
		{40A85D54-D60A-4DC3-8D0F-A41C04E4B229}.Debug|Any CPU.ActiveCfg = Debug|Any CPU
		{40A85D54-D60A-4DC3-8D0F-A41C04E4B229}.Debug|Any CPU.Build.0 = Debug|Any CPU
		{40A85D54-D60A-4DC3-8D0F-A41C04E4B229}.DebugLocal|Any CPU.ActiveCfg = Debug|Any CPU
		{40A85D54-D60A-4DC3-8D0F-A41C04E4B229}.DebugLocal|Any CPU.Build.0 = Debug|Any CPU
		{40A85D54-D60A-4DC3-8D0F-A41C04E4B229}.Release|Any CPU.ActiveCfg = Release|Any CPU
		{40A85D54-D60A-4DC3-8D0F-A41C04E4B229}.Release|Any CPU.Build.0 = Release|Any CPU
		{29DED480-D4C7-42A3-A3CB-BCE196F9A42B}.Debug|Any CPU.ActiveCfg = Debug|Any CPU
		{29DED480-D4C7-42A3-A3CB-BCE196F9A42B}.Debug|Any CPU.Build.0 = Debug|Any CPU
		{29DED480-D4C7-42A3-A3CB-BCE196F9A42B}.DebugLocal|Any CPU.ActiveCfg = Debug|Any CPU
		{29DED480-D4C7-42A3-A3CB-BCE196F9A42B}.DebugLocal|Any CPU.Build.0 = Debug|Any CPU
		{29DED480-D4C7-42A3-A3CB-BCE196F9A42B}.Release|Any CPU.ActiveCfg = Release|Any CPU
		{29DED480-D4C7-42A3-A3CB-BCE196F9A42B}.Release|Any CPU.Build.0 = Release|Any CPU
		{95B3DE4E-20B8-4A0A-9381-3C13DFAAEF71}.Debug|Any CPU.ActiveCfg = Debug|Any CPU
		{95B3DE4E-20B8-4A0A-9381-3C13DFAAEF71}.Debug|Any CPU.Build.0 = Debug|Any CPU
		{95B3DE4E-20B8-4A0A-9381-3C13DFAAEF71}.DebugLocal|Any CPU.ActiveCfg = Debug|Any CPU
		{95B3DE4E-20B8-4A0A-9381-3C13DFAAEF71}.DebugLocal|Any CPU.Build.0 = Debug|Any CPU
		{95B3DE4E-20B8-4A0A-9381-3C13DFAAEF71}.Release|Any CPU.ActiveCfg = Release|Any CPU
		{95B3DE4E-20B8-4A0A-9381-3C13DFAAEF71}.Release|Any CPU.Build.0 = Release|Any CPU
		{2B72888A-A016-4509-ABA3-057AA7811565}.Debug|Any CPU.ActiveCfg = Debug|Any CPU
		{2B72888A-A016-4509-ABA3-057AA7811565}.Debug|Any CPU.Build.0 = Debug|Any CPU
		{2B72888A-A016-4509-ABA3-057AA7811565}.DebugLocal|Any CPU.ActiveCfg = Debug|Any CPU
		{2B72888A-A016-4509-ABA3-057AA7811565}.DebugLocal|Any CPU.Build.0 = Debug|Any CPU
		{2B72888A-A016-4509-ABA3-057AA7811565}.Release|Any CPU.ActiveCfg = Release|Any CPU
		{2B72888A-A016-4509-ABA3-057AA7811565}.Release|Any CPU.Build.0 = Release|Any CPU
		{FCB00B67-AEA9-4E25-B3DB-D33776B24B69}.Debug|Any CPU.ActiveCfg = Debug|Any CPU
		{FCB00B67-AEA9-4E25-B3DB-D33776B24B69}.Debug|Any CPU.Build.0 = Debug|Any CPU
		{FCB00B67-AEA9-4E25-B3DB-D33776B24B69}.DebugLocal|Any CPU.ActiveCfg = Debug|Any CPU
		{FCB00B67-AEA9-4E25-B3DB-D33776B24B69}.DebugLocal|Any CPU.Build.0 = Debug|Any CPU
		{FCB00B67-AEA9-4E25-B3DB-D33776B24B69}.Release|Any CPU.ActiveCfg = Release|Any CPU
		{FCB00B67-AEA9-4E25-B3DB-D33776B24B69}.Release|Any CPU.Build.0 = Release|Any CPU
		{E2E68E51-CFD5-4A89-A26F-20AB9AEAA974}.Debug|Any CPU.ActiveCfg = Debug|Any CPU
		{E2E68E51-CFD5-4A89-A26F-20AB9AEAA974}.Debug|Any CPU.Build.0 = Debug|Any CPU
		{E2E68E51-CFD5-4A89-A26F-20AB9AEAA974}.DebugLocal|Any CPU.ActiveCfg = Debug|Any CPU
		{E2E68E51-CFD5-4A89-A26F-20AB9AEAA974}.DebugLocal|Any CPU.Build.0 = Debug|Any CPU
		{E2E68E51-CFD5-4A89-A26F-20AB9AEAA974}.Release|Any CPU.ActiveCfg = Release|Any CPU
		{E2E68E51-CFD5-4A89-A26F-20AB9AEAA974}.Release|Any CPU.Build.0 = Release|Any CPU
		{9F360EBA-27D4-480F-9941-437B1B3327C6}.Debug|Any CPU.ActiveCfg = Debug|Any CPU
		{9F360EBA-27D4-480F-9941-437B1B3327C6}.Debug|Any CPU.Build.0 = Debug|Any CPU
		{9F360EBA-27D4-480F-9941-437B1B3327C6}.DebugLocal|Any CPU.ActiveCfg = Debug|Any CPU
		{9F360EBA-27D4-480F-9941-437B1B3327C6}.DebugLocal|Any CPU.Build.0 = Debug|Any CPU
		{9F360EBA-27D4-480F-9941-437B1B3327C6}.Release|Any CPU.ActiveCfg = Release|Any CPU
		{9F360EBA-27D4-480F-9941-437B1B3327C6}.Release|Any CPU.Build.0 = Release|Any CPU
	EndGlobalSection
	GlobalSection(SolutionProperties) = preSolution
		HideSolutionNode = FALSE
	EndGlobalSection
	GlobalSection(NestedProjects) = preSolution
		{9080293F-A6C0-45F4-86C4-425B7F919736} = {0C334A1B-F079-42B2-82E3-0B07B4D7F9CD}
		{CC4A3EFD-EB95-45C9-B435-A615F7AC56AC} = {56B5A9D6-463C-47DE-8366-6A5976E51406}
		{089256FA-0D6D-415F-9A99-28669B080DDA} = {56B5A9D6-463C-47DE-8366-6A5976E51406}
		{390F212F-7984-49D7-A621-1BCFF5DAC600} = {9080293F-A6C0-45F4-86C4-425B7F919736}
		{8EB9CA9B-A9F8-465A-9B16-D6C8EAEF49D3} = {56B5A9D6-463C-47DE-8366-6A5976E51406}
		{15908B6F-D57C-4B0A-88FA-2F5B7C1DD298} = {63CCBF2E-0084-484D-84FC-AF5A48C5D073}
		{63CCBF2E-0084-484D-84FC-AF5A48C5D073} = {1CFB8943-8EC3-4FC3-9340-780FF9B494CF}
		{E179300E-8EFD-4DE2-BF04-9A69FE479AC7} = {56B5A9D6-463C-47DE-8366-6A5976E51406}
		{69FC5EDA-88AA-4F67-998D-08D6AA398A8C} = {63CCBF2E-0084-484D-84FC-AF5A48C5D073}
		{C9D196C7-C2FF-4CF4-A47F-970A82D3A987} = {63CCBF2E-0084-484D-84FC-AF5A48C5D073}
		{A936949E-DB9D-4555-B199-A6143DBEA361} = {56B5A9D6-463C-47DE-8366-6A5976E51406}
		{D7903B41-9CC4-46A1-AB8C-76AE2D840C73} = {63CCBF2E-0084-484D-84FC-AF5A48C5D073}
		{29C2E38D-4779-47C1-8AC5-982E5A1EED8A} = {9080293F-A6C0-45F4-86C4-425B7F919736}
		{D88F3C77-8F56-4FCC-B6CD-CA1B0C562361} = {29C2E38D-4779-47C1-8AC5-982E5A1EED8A}
		{9F360EBA-27D4-480F-9941-437B1B3327C6} = {0C334A1B-F079-42B2-82E3-0B07B4D7F9CD}
	EndGlobalSection
	GlobalSection(ExtensibilityGlobals) = postSolution
		SolutionGuid = {C29948E7-3002-49F1-8F85-8AC9847A8945}
	EndGlobalSection
EndGlobal
